
Microsoft Visual Studio Solution File, Format Version 12.00
# Visual Studio Version 17
VisualStudioVersion = 17.8.34330.188
MinimumVisualStudioVersion = 10.0.40219.1
Project("{9A19103F-16F7-4668-BE54-9A1E7A4F7556}") = "RevitTranslator", "RevitTranslator\RevitTranslator.csproj", "{24D786D9-9DC0-45FD-BF8A-7DBC5F520AA0}"
EndProject
Project("{9A19103F-16F7-4668-BE54-9A1E7A4F7556}") = "RevitTranslator.Tests", "RevitTranslator.Tests\RevitTranslator.Tests.csproj", "{5965662C-DFAE-4CAC-9A14-11CF42CA5E1E}"
EndProject
Project("{FAE04EC0-301F-11D3-BF4B-00C04F79EFBC}") = "RevitTranslator.UI.Demo", "RevitTranslator.UI.Demo\RevitTranslator.UI.Demo.csproj", "{8F7F10C4-F482-4C1F-A02D-9B9357412622}"
EndProject
Project("{FAE04EC0-301F-11D3-BF4B-00C04F79EFBC}") = "RevitTranslator.UI", "RevitTranslator.UI\RevitTranslator.UI.csproj", "{33EC55AF-F87B-46E8-A028-DF3F1B5243E1}"
EndProject
Project("{FAE04EC0-301F-11D3-BF4B-00C04F79EFBC}") = "RevitTranslator.Common", "RevitTranslator.Common\RevitTranslator.Common.csproj", "{2C98D0C7-3E0E-4A9C-9081-3636527519CC}"
EndProject
Project("{FAE04EC0-301F-11D3-BF4B-00C04F79EFBC}") = "TranslationService", "TranslationService\TranslationService.csproj", "{3088CCDD-185B-41EE-8495-D41717901081}"
EndProject
Project("{FAE04EC0-301F-11D3-BF4B-00C04F79EFBC}") = "Installer", "Installer\Installer.csproj", "{0451F7A1-5945-4343-A961-6D3E3AEC5E41}"
	ProjectSection(ProjectDependencies) = postProject
		{24D786D9-9DC0-45FD-BF8A-7DBC5F520AA0} = {24D786D9-9DC0-45FD-BF8A-7DBC5F520AA0}
		{2C98D0C7-3E0E-4A9C-9081-3636527519CC} = {2C98D0C7-3E0E-4A9C-9081-3636527519CC}
		{33EC55AF-F87B-46E8-A028-DF3F1B5243E1} = {33EC55AF-F87B-46E8-A028-DF3F1B5243E1}
		{3088CCDD-185B-41EE-8495-D41717901081} = {3088CCDD-185B-41EE-8495-D41717901081}
	EndProjectSection
EndProject
Project("{FAE04EC0-301F-11D3-BF4B-00C04F79EFBC}") = "RevitTranslator.Ui.Library", "RevitTranslator.Ui.Library\RevitTranslator.Ui.Library.csproj", "{5260B7BC-490D-4F90-A788-931D6D16DAC0}"
EndProject
Project("{2150E333-8FDC-42A3-9474-1A3956D46DE8}") = "Build", "Build", "{A127D7DE-F352-4E04-B189-EEFDE11E26F8}"
	ProjectSection(SolutionItems) = preProject
		Directory.Packages.props = Directory.Packages.props
		Directory.Build.props = Directory.Build.props
	EndProjectSection
EndProject
Global
	GlobalSection(SolutionConfigurationPlatforms) = preSolution
		Debug R23|Any CPU = Debug R23|Any CPU
		Debug R24|Any CPU = Debug R24|Any CPU
		Debug R25|Any CPU = Debug R25|Any CPU
		Release R23|Any CPU = Release R23|Any CPU
		Release R24|Any CPU = Release R24|Any CPU
		Release R25|Any CPU = Release R25|Any CPU
		UI Demo|Any CPU = UI Demo|Any CPU
		Installer|Any CPU = Installer|Any CPU
		Tests|Any CPU = Tests|Any CPU
	EndGlobalSection
	GlobalSection(ProjectConfigurationPlatforms) = postSolution
		{24D786D9-9DC0-45FD-BF8A-7DBC5F520AA0}.Debug R23|Any CPU.ActiveCfg = Debug R23|Any CPU
		{24D786D9-9DC0-45FD-BF8A-7DBC5F520AA0}.Debug R23|Any CPU.Build.0 = Debug R23|Any CPU
		{24D786D9-9DC0-45FD-BF8A-7DBC5F520AA0}.Debug R24|Any CPU.ActiveCfg = Debug R24|Any CPU
		{24D786D9-9DC0-45FD-BF8A-7DBC5F520AA0}.Debug R24|Any CPU.Build.0 = Debug R24|Any CPU
		{24D786D9-9DC0-45FD-BF8A-7DBC5F520AA0}.Debug R25|Any CPU.ActiveCfg = Debug R25|Any CPU
		{24D786D9-9DC0-45FD-BF8A-7DBC5F520AA0}.Debug R25|Any CPU.Build.0 = Debug R25|Any CPU
		{24D786D9-9DC0-45FD-BF8A-7DBC5F520AA0}.Release R23|Any CPU.ActiveCfg = Release R23|Any CPU
		{24D786D9-9DC0-45FD-BF8A-7DBC5F520AA0}.Release R24|Any CPU.ActiveCfg = Release R24|Any CPU
		{24D786D9-9DC0-45FD-BF8A-7DBC5F520AA0}.Release R24|Any CPU.Build.0 = Release R24|Any CPU
		{24D786D9-9DC0-45FD-BF8A-7DBC5F520AA0}.Release R25|Any CPU.ActiveCfg = Release R25|Any CPU
		{24D786D9-9DC0-45FD-BF8A-7DBC5F520AA0}.Release R25|Any CPU.Build.0 = Release R25|Any CPU
		{24D786D9-9DC0-45FD-BF8A-7DBC5F520AA0}.UI Demo|Any CPU.ActiveCfg = Debug R23|Any CPU
		{24D786D9-9DC0-45FD-BF8A-7DBC5F520AA0}.Release R23|Any CPU.Build.0 = Release R23|Any CPU
		{24D786D9-9DC0-45FD-BF8A-7DBC5F520AA0}.Tests|Any CPU.ActiveCfg = Debug R25|Any CPU
		{24D786D9-9DC0-45FD-BF8A-7DBC5F520AA0}.Tests|Any CPU.Build.0 = Debug R25|Any CPU
		{24D786D9-9DC0-45FD-BF8A-7DBC5F520AA0}.Installer|Any CPU.ActiveCfg = Release R23|Any CPU
		{24D786D9-9DC0-45FD-BF8A-7DBC5F520AA0}.Installer|Any CPU.Build.0 = Release R23|Any CPU
		
		{5965662C-DFAE-4CAC-9A14-11CF42CA5E1E}.UI Demo|Any CPU.ActiveCfg = Debug|Any CPU
		{5965662C-DFAE-4CAC-9A14-11CF42CA5E1E}.Debug R23|Any CPU.ActiveCfg = Debug|Any CPU
		{5965662C-DFAE-4CAC-9A14-11CF42CA5E1E}.Debug R24|Any CPU.ActiveCfg = Debug|Any CPU
		{5965662C-DFAE-4CAC-9A14-11CF42CA5E1E}.Debug R25|Any CPU.ActiveCfg = Debug|Any CPU
		{5965662C-DFAE-4CAC-9A14-11CF42CA5E1E}.Release R25|Any CPU.ActiveCfg = Debug|Any CPU
		{5965662C-DFAE-4CAC-9A14-11CF42CA5E1E}.Release R23|Any CPU.ActiveCfg = Debug|Any CPU
		{5965662C-DFAE-4CAC-9A14-11CF42CA5E1E}.Release R24|Any CPU.ActiveCfg = Debug|Any CPU
		{5965662C-DFAE-4CAC-9A14-11CF42CA5E1E}.Tests|Any CPU.ActiveCfg = Debug|Any CPU
		{5965662C-DFAE-4CAC-9A14-11CF42CA5E1E}.Tests|Any CPU.Build.0 = Debug|Any CPU
		{5965662C-DFAE-4CAC-9A14-11CF42CA5E1E}.Installer|Any CPU.ActiveCfg = Debug|Any CPU
		
		{8F7F10C4-F482-4C1F-A02D-9B9357412622}.UI Demo|Any CPU.ActiveCfg = Debug|Any CPU
		{8F7F10C4-F482-4C1F-A02D-9B9357412622}.UI Demo|Any CPU.Build.0 = Debug|Any CPU
		{8F7F10C4-F482-4C1F-A02D-9B9357412622}.Debug R23|Any CPU.ActiveCfg = Debug|Any CPU
		{8F7F10C4-F482-4C1F-A02D-9B9357412622}.Debug R24|Any CPU.ActiveCfg = Debug|Any CPU
		{8F7F10C4-F482-4C1F-A02D-9B9357412622}.Debug R25|Any CPU.ActiveCfg = Debug|Any CPU
		{8F7F10C4-F482-4C1F-A02D-9B9357412622}.Release R25|Any CPU.ActiveCfg = Debug|Any CPU
		{8F7F10C4-F482-4C1F-A02D-9B9357412622}.Release R23|Any CPU.ActiveCfg = Debug|Any CPU
		{8F7F10C4-F482-4C1F-A02D-9B9357412622}.Release R24|Any CPU.ActiveCfg = Debug|Any CPU
		{8F7F10C4-F482-4C1F-A02D-9B9357412622}.Installer|Any CPU.ActiveCfg = Release|Any CPU
		
		{33EC55AF-F87B-46E8-A028-DF3F1B5243E1}.UI Demo|Any CPU.ActiveCfg = Debug|Any CPU
		{33EC55AF-F87B-46E8-A028-DF3F1B5243E1}.UI Demo|Any CPU.Build.0 = Debug|Any CPU
		{33EC55AF-F87B-46E8-A028-DF3F1B5243E1}.Debug R23|Any CPU.ActiveCfg = Debug|Any CPU
		{33EC55AF-F87B-46E8-A028-DF3F1B5243E1}.Debug R24|Any CPU.ActiveCfg = Debug|Any CPU
		{33EC55AF-F87B-46E8-A028-DF3F1B5243E1}.Debug R25|Any CPU.ActiveCfg = Debug|Any CPU
		{33EC55AF-F87B-46E8-A028-DF3F1B5243E1}.Release R23|Any CPU.ActiveCfg = Release|Any CPU
		{33EC55AF-F87B-46E8-A028-DF3F1B5243E1}.Release R24|Any CPU.ActiveCfg = Release|Any CPU
		{33EC55AF-F87B-46E8-A028-DF3F1B5243E1}.Release R25|Any CPU.ActiveCfg = Release|Any CPU
		{33EC55AF-F87B-46E8-A028-DF3F1B5243E1}.Debug R23|Any CPU.Build.0 = Debug|Any CPU
		{33EC55AF-F87B-46E8-A028-DF3F1B5243E1}.Debug R24|Any CPU.Build.0 = Debug|Any CPU
		{33EC55AF-F87B-46E8-A028-DF3F1B5243E1}.Debug R25|Any CPU.Build.0 = Debug|Any CPU
		{33EC55AF-F87B-46E8-A028-DF3F1B5243E1}.Release R23|Any CPU.Build.0 = Release|Any CPU
		{33EC55AF-F87B-46E8-A028-DF3F1B5243E1}.Release R24|Any CPU.Build.0 = Release|Any CPU
		{33EC55AF-F87B-46E8-A028-DF3F1B5243E1}.Release R25|Any CPU.Build.0 = Release|Any CPU
		{33EC55AF-F87B-46E8-A028-DF3F1B5243E1}.Tests|Any CPU.ActiveCfg = Debug|Any CPU
		{33EC55AF-F87B-46E8-A028-DF3F1B5243E1}.Tests|Any CPU.Build.0 = Debug|Any CPU
		{33EC55AF-F87B-46E8-A028-DF3F1B5243E1}.Installer|Any CPU.ActiveCfg = Release|Any CPU
		{33EC55AF-F87B-46E8-A028-DF3F1B5243E1}.Installer|Any CPU.Build.0 = Release|Any CPU
		{2C98D0C7-3E0E-4A9C-9081-3636527519CC}.Debug R23|Any CPU.ActiveCfg = Debug|Any CPU
		{2C98D0C7-3E0E-4A9C-9081-3636527519CC}.Debug R23|Any CPU.Build.0 = Debug|Any CPU
		{2C98D0C7-3E0E-4A9C-9081-3636527519CC}.Debug R24|Any CPU.ActiveCfg = Debug|Any CPU
		{2C98D0C7-3E0E-4A9C-9081-3636527519CC}.Debug R24|Any CPU.Build.0 = Debug|Any CPU
		{2C98D0C7-3E0E-4A9C-9081-3636527519CC}.Debug R25|Any CPU.ActiveCfg = Debug|Any CPU
		{2C98D0C7-3E0E-4A9C-9081-3636527519CC}.Debug R25|Any CPU.Build.0 = Debug|Any CPU
		{2C98D0C7-3E0E-4A9C-9081-3636527519CC}.UI Demo|Any CPU.ActiveCfg = Debug|Any CPU
		{2C98D0C7-3E0E-4A9C-9081-3636527519CC}.UI Demo|Any CPU.Build.0 = Debug|Any CPU
		{2C98D0C7-3E0E-4A9C-9081-3636527519CC}.Release R23|Any CPU.ActiveCfg = Release|Any CPU
		{2C98D0C7-3E0E-4A9C-9081-3636527519CC}.Release R23|Any CPU.Build.0 = Release|Any CPU
		{2C98D0C7-3E0E-4A9C-9081-3636527519CC}.Release R24|Any CPU.ActiveCfg = Release|Any CPU
		{2C98D0C7-3E0E-4A9C-9081-3636527519CC}.Release R24|Any CPU.Build.0 = Release|Any CPU
		{2C98D0C7-3E0E-4A9C-9081-3636527519CC}.Release R25|Any CPU.ActiveCfg = Release|Any CPU
		{2C98D0C7-3E0E-4A9C-9081-3636527519CC}.Release R25|Any CPU.Build.0 = Release|Any CPU
		{2C98D0C7-3E0E-4A9C-9081-3636527519CC}.Tests|Any CPU.ActiveCfg = Debug|Any CPU
		{2C98D0C7-3E0E-4A9C-9081-3636527519CC}.Tests|Any CPU.Build.0 = Debug|Any CPU
		{2C98D0C7-3E0E-4A9C-9081-3636527519CC}.Installer|Any CPU.ActiveCfg = Release|Any CPU
		{2C98D0C7-3E0E-4A9C-9081-3636527519CC}.Installer|Any CPU.Build.0 = Release|Any CPU
		{3088CCDD-185B-41EE-8495-D41717901081}.Debug R23|Any CPU.ActiveCfg = Debug|Any CPU
		{3088CCDD-185B-41EE-8495-D41717901081}.Debug R23|Any CPU.Build.0 = Debug|Any CPU
		{3088CCDD-185B-41EE-8495-D41717901081}.Debug R24|Any CPU.ActiveCfg = Debug|Any CPU
		{3088CCDD-185B-41EE-8495-D41717901081}.Debug R24|Any CPU.Build.0 = Debug|Any CPU
		{3088CCDD-185B-41EE-8495-D41717901081}.Debug R25|Any CPU.ActiveCfg = Debug|Any CPU
		{3088CCDD-185B-41EE-8495-D41717901081}.Debug R25|Any CPU.Build.0 = Debug|Any CPU
		{3088CCDD-185B-41EE-8495-D41717901081}.UI Demo|Any CPU.ActiveCfg = Debug|Any CPU
		{3088CCDD-185B-41EE-8495-D41717901081}.UI Demo|Any CPU.Build.0 = Debug|Any CPU
		{3088CCDD-185B-41EE-8495-D41717901081}.Release R23|Any CPU.ActiveCfg = Release|Any CPU
		{3088CCDD-185B-41EE-8495-D41717901081}.Release R23|Any CPU.Build.0 = Release|Any CPU
		{3088CCDD-185B-41EE-8495-D41717901081}.Release R24|Any CPU.ActiveCfg = Release|Any CPU
		{3088CCDD-185B-41EE-8495-D41717901081}.Release R24|Any CPU.Build.0 = Release|Any CPU
		{3088CCDD-185B-41EE-8495-D41717901081}.Release R25|Any CPU.ActiveCfg = Release|Any CPU
		{3088CCDD-185B-41EE-8495-D41717901081}.Release R25|Any CPU.Build.0 = Release|Any CPU
		{3088CCDD-185B-41EE-8495-D41717901081}.Tests|Any CPU.ActiveCfg = Debug|Any CPU
		{3088CCDD-185B-41EE-8495-D41717901081}.Tests|Any CPU.Build.0 = Debug|Any CPU
		{3088CCDD-185B-41EE-8495-D41717901081}.Installer|Any CPU.ActiveCfg = Release|Any CPU
		{3088CCDD-185B-41EE-8495-D41717901081}.Installer|Any CPU.Build.0 = Release|Any CPU
		{0451F7A1-5945-4343-A961-6D3E3AEC5E41}.Debug R23|Any CPU.ActiveCfg = Debug|Any CPU
		{0451F7A1-5945-4343-A961-6D3E3AEC5E41}.Debug R24|Any CPU.ActiveCfg = Debug|Any CPU
		{0451F7A1-5945-4343-A961-6D3E3AEC5E41}.Debug R25|Any CPU.ActiveCfg = Debug|Any CPU
		{0451F7A1-5945-4343-A961-6D3E3AEC5E41}.Release R23|Any CPU.ActiveCfg = Debug|Any CPU
		{0451F7A1-5945-4343-A961-6D3E3AEC5E41}.Release R24|Any CPU.ActiveCfg = Debug|Any CPU
		{0451F7A1-5945-4343-A961-6D3E3AEC5E41}.Release R25|Any CPU.ActiveCfg = Debug|Any CPU
		{0451F7A1-5945-4343-A961-6D3E3AEC5E41}.UI Demo|Any CPU.ActiveCfg = Debug|Any CPU
		{0451F7A1-5945-4343-A961-6D3E3AEC5E41}.Installer|Any CPU.ActiveCfg = Release|Any CPU
		{0451F7A1-5945-4343-A961-6D3E3AEC5E41}.Installer|Any CPU.Build.0 = Release|Any CPU
		{5260B7BC-490D-4F90-A788-931D6D16DAC0}.Debug R23|Any CPU.ActiveCfg = Debug|Any CPU
		{5260B7BC-490D-4F90-A788-931D6D16DAC0}.Debug R23|Any CPU.Build.0 = Debug|Any CPU
		{5260B7BC-490D-4F90-A788-931D6D16DAC0}.Debug R24|Any CPU.ActiveCfg = Debug|Any CPU
		{5260B7BC-490D-4F90-A788-931D6D16DAC0}.Debug R24|Any CPU.Build.0 = Debug|Any CPU
		{5260B7BC-490D-4F90-A788-931D6D16DAC0}.Debug R25|Any CPU.ActiveCfg = Debug|Any CPU
		{5260B7BC-490D-4F90-A788-931D6D16DAC0}.Debug R25|Any CPU.Build.0 = Debug|Any CPU
		{5260B7BC-490D-4F90-A788-931D6D16DAC0}.Release R23|Any CPU.ActiveCfg = Debug|Any CPU
		{5260B7BC-490D-4F90-A788-931D6D16DAC0}.Release R23|Any CPU.Build.0 = Debug|Any CPU
		{5260B7BC-490D-4F90-A788-931D6D16DAC0}.Release R24|Any CPU.ActiveCfg = Debug|Any CPU
		{5260B7BC-490D-4F90-A788-931D6D16DAC0}.Release R24|Any CPU.Build.0 = Debug|Any CPU
		{5260B7BC-490D-4F90-A788-931D6D16DAC0}.Release R25|Any CPU.ActiveCfg = Debug|Any CPU
		{5260B7BC-490D-4F90-A788-931D6D16DAC0}.Release R25|Any CPU.Build.0 = Debug|Any CPU
		{5260B7BC-490D-4F90-A788-931D6D16DAC0}.UI Demo|Any CPU.ActiveCfg = Debug|Any CPU
		{5260B7BC-490D-4F90-A788-931D6D16DAC0}.UI Demo|Any CPU.Build.0 = Debug|Any CPU
		{5260B7BC-490D-4F90-A788-931D6D16DAC0}.Installer|Any CPU.ActiveCfg = Debug|Any CPU
		{5260B7BC-490D-4F90-A788-931D6D16DAC0}.Installer|Any CPU.Build.0 = Debug|Any CPU
		{5260B7BC-490D-4F90-A788-931D6D16DAC0}.Tests|Any CPU.ActiveCfg = Debug|Any CPU
		{5260B7BC-490D-4F90-A788-931D6D16DAC0}.Tests|Any CPU.Build.0 = Debug|Any CPU
	EndGlobalSection
	GlobalSection(SolutionProperties) = preSolution
		HideSolutionNode = FALSE
	EndGlobalSection
	GlobalSection(ExtensibilityGlobals) = postSolution
		SolutionGuid = {8C00ADF9-C95D-4A61-AA59-7D5C75321162}
	EndGlobalSection
EndGlobal
