
Microsoft Visual Studio Solution File, Format Version 12.00
# Visual Studio Version 17
VisualStudioVersion = 17.8.34330.188
MinimumVisualStudioVersion = 10.0.40219.1
Project("{9A19103F-16F7-4668-BE54-9A1E7A4F7556}") = "RevitTranslatorAddin", "RevitTranslatorAddin.csproj", "{24D786D9-9DC0-45FD-BF8A-7DBC5F520AA0}"
EndProject
Project("{54435603-DBB4-11D2-8724-00A0C9A8B90C}") = "RevitTranslatorWizard", "..\RevitTranslatorWizard\RevitTranslatorWizard.vdproj", "{AAE33404-55AD-448D-B0D7-F1FE2A578BE7}"
EndProject
Global
	GlobalSection(SolutionConfigurationPlatforms) = preSolution
		Debug R20|Any CPU = Debug R20|Any CPU
		Debug R20|x86 = Debug R20|x86
		Debug R21|Any CPU = Debug R21|Any CPU
		Debug R21|x86 = Debug R21|x86
		Debug R22|Any CPU = Debug R22|Any CPU
		Debug R22|x86 = Debug R22|x86
		Debug R23|Any CPU = Debug R23|Any CPU
		Debug R23|x86 = Debug R23|x86
		Debug R24|Any CPU = Debug R24|Any CPU
		Debug R24|x86 = Debug R24|x86
		Debug R25|Any CPU = Debug R25|Any CPU
		Debug R25|x86 = Debug R25|x86
		Debug|Any CPU = Debug|Any CPU
		Debug|x86 = Debug|x86
		Release R20|Any CPU = Release R20|Any CPU
		Release R20|x86 = Release R20|x86
		Release R21|Any CPU = Release R21|Any CPU
		Release R21|x86 = Release R21|x86
		Release R22|Any CPU = Release R22|Any CPU
		Release R22|x86 = Release R22|x86
		Release R23|Any CPU = Release R23|Any CPU
		Release R23|x86 = Release R23|x86
		Release R24|Any CPU = Release R24|Any CPU
		Release R24|x86 = Release R24|x86
		Release R25|Any CPU = Release R25|Any CPU
		Release R25|x86 = Release R25|x86
		Release|Any CPU = Release|Any CPU
		Release|x86 = Release|x86
	EndGlobalSection
	GlobalSection(ProjectConfigurationPlatforms) = postSolution
		{24D786D9-9DC0-45FD-BF8A-7DBC5F520AA0}.Debug R20|Any CPU.ActiveCfg = Debug R20|Any CPU
		{24D786D9-9DC0-45FD-BF8A-7DBC5F520AA0}.Debug R20|Any CPU.Build.0 = Debug R20|Any CPU
		{24D786D9-9DC0-45FD-BF8A-7DBC5F520AA0}.Debug R20|x86.ActiveCfg = Debug R20|Any CPU
		{24D786D9-9DC0-45FD-BF8A-7DBC5F520AA0}.Debug R20|x86.Build.0 = Debug R20|Any CPU
		{24D786D9-9DC0-45FD-BF8A-7DBC5F520AA0}.Debug R21|Any CPU.ActiveCfg = Debug R21|Any CPU
		{24D786D9-9DC0-45FD-BF8A-7DBC5F520AA0}.Debug R21|Any CPU.Build.0 = Debug R21|Any CPU
		{24D786D9-9DC0-45FD-BF8A-7DBC5F520AA0}.Debug R21|x86.ActiveCfg = Debug R21|Any CPU
		{24D786D9-9DC0-45FD-BF8A-7DBC5F520AA0}.Debug R21|x86.Build.0 = Debug R21|Any CPU
		{24D786D9-9DC0-45FD-BF8A-7DBC5F520AA0}.Debug R22|Any CPU.ActiveCfg = Debug R22|Any CPU
		{24D786D9-9DC0-45FD-BF8A-7DBC5F520AA0}.Debug R22|Any CPU.Build.0 = Debug R22|Any CPU
		{24D786D9-9DC0-45FD-BF8A-7DBC5F520AA0}.Debug R22|x86.ActiveCfg = Debug R22|Any CPU
		{24D786D9-9DC0-45FD-BF8A-7DBC5F520AA0}.Debug R22|x86.Build.0 = Debug R22|Any CPU
		{24D786D9-9DC0-45FD-BF8A-7DBC5F520AA0}.Debug R23|Any CPU.ActiveCfg = Debug R23|Any CPU
		{24D786D9-9DC0-45FD-BF8A-7DBC5F520AA0}.Debug R23|Any CPU.Build.0 = Debug R23|Any CPU
		{24D786D9-9DC0-45FD-BF8A-7DBC5F520AA0}.Debug R23|x86.ActiveCfg = Debug R23|Any CPU
		{24D786D9-9DC0-45FD-BF8A-7DBC5F520AA0}.Debug R23|x86.Build.0 = Debug R23|Any CPU
		{24D786D9-9DC0-45FD-BF8A-7DBC5F520AA0}.Debug R24|Any CPU.ActiveCfg = Debug R24|Any CPU
		{24D786D9-9DC0-45FD-BF8A-7DBC5F520AA0}.Debug R24|Any CPU.Build.0 = Debug R24|Any CPU
		{24D786D9-9DC0-45FD-BF8A-7DBC5F520AA0}.Debug R24|x86.ActiveCfg = Debug R24|Any CPU
		{24D786D9-9DC0-45FD-BF8A-7DBC5F520AA0}.Debug R24|x86.Build.0 = Debug R24|Any CPU
		{24D786D9-9DC0-45FD-BF8A-7DBC5F520AA0}.Debug R25|Any CPU.ActiveCfg = Debug R25|Any CPU
		{24D786D9-9DC0-45FD-BF8A-7DBC5F520AA0}.Debug R25|Any CPU.Build.0 = Debug R25|Any CPU
		{24D786D9-9DC0-45FD-BF8A-7DBC5F520AA0}.Debug R25|x86.ActiveCfg = Debug R25|Any CPU
		{24D786D9-9DC0-45FD-BF8A-7DBC5F520AA0}.Debug R25|x86.Build.0 = Debug R25|Any CPU
		{24D786D9-9DC0-45FD-BF8A-7DBC5F520AA0}.Debug|Any CPU.ActiveCfg = Debug R25|Any CPU
		{24D786D9-9DC0-45FD-BF8A-7DBC5F520AA0}.Debug|x86.ActiveCfg = Debug R25|Any CPU
		{24D786D9-9DC0-45FD-BF8A-7DBC5F520AA0}.Debug|x86.Build.0 = Debug R25|Any CPU
		{24D786D9-9DC0-45FD-BF8A-7DBC5F520AA0}.Release R20|Any CPU.ActiveCfg = Release R20|Any CPU
		{24D786D9-9DC0-45FD-BF8A-7DBC5F520AA0}.Release R20|Any CPU.Build.0 = Release R20|Any CPU
		{24D786D9-9DC0-45FD-BF8A-7DBC5F520AA0}.Release R20|x86.ActiveCfg = Release R20|Any CPU
		{24D786D9-9DC0-45FD-BF8A-7DBC5F520AA0}.Release R20|x86.Build.0 = Release R20|Any CPU
		{24D786D9-9DC0-45FD-BF8A-7DBC5F520AA0}.Release R21|Any CPU.ActiveCfg = Release R21|Any CPU
		{24D786D9-9DC0-45FD-BF8A-7DBC5F520AA0}.Release R21|Any CPU.Build.0 = Release R21|Any CPU
		{24D786D9-9DC0-45FD-BF8A-7DBC5F520AA0}.Release R21|x86.ActiveCfg = Release R21|Any CPU
		{24D786D9-9DC0-45FD-BF8A-7DBC5F520AA0}.Release R21|x86.Build.0 = Release R21|Any CPU
		{24D786D9-9DC0-45FD-BF8A-7DBC5F520AA0}.Release R22|Any CPU.ActiveCfg = Release R22|Any CPU
		{24D786D9-9DC0-45FD-BF8A-7DBC5F520AA0}.Release R22|Any CPU.Build.0 = Release R22|Any CPU
		{24D786D9-9DC0-45FD-BF8A-7DBC5F520AA0}.Release R22|x86.ActiveCfg = Release R22|Any CPU
		{24D786D9-9DC0-45FD-BF8A-7DBC5F520AA0}.Release R22|x86.Build.0 = Release R22|Any CPU
		{24D786D9-9DC0-45FD-BF8A-7DBC5F520AA0}.Release R23|Any CPU.ActiveCfg = Release R23|Any CPU
		{24D786D9-9DC0-45FD-BF8A-7DBC5F520AA0}.Release R23|x86.ActiveCfg = Release R23|x86
		{24D786D9-9DC0-45FD-BF8A-7DBC5F520AA0}.Release R23|x86.Build.0 = Release R23|x86
		{24D786D9-9DC0-45FD-BF8A-7DBC5F520AA0}.Release R24|Any CPU.ActiveCfg = Release R24|Any CPU
		{24D786D9-9DC0-45FD-BF8A-7DBC5F520AA0}.Release R24|Any CPU.Build.0 = Release R24|Any CPU
		{24D786D9-9DC0-45FD-BF8A-7DBC5F520AA0}.Release R24|x86.ActiveCfg = Release R24|Any CPU
		{24D786D9-9DC0-45FD-BF8A-7DBC5F520AA0}.Release R24|x86.Build.0 = Release R24|Any CPU
		{24D786D9-9DC0-45FD-BF8A-7DBC5F520AA0}.Release R25|Any CPU.ActiveCfg = Release R25|Any CPU
		{24D786D9-9DC0-45FD-BF8A-7DBC5F520AA0}.Release R25|Any CPU.Build.0 = Release R25|Any CPU
		{24D786D9-9DC0-45FD-BF8A-7DBC5F520AA0}.Release R25|x86.ActiveCfg = Release R25|Any CPU
		{24D786D9-9DC0-45FD-BF8A-7DBC5F520AA0}.Release R25|x86.Build.0 = Release R25|Any CPU
		{24D786D9-9DC0-45FD-BF8A-7DBC5F520AA0}.Release|Any CPU.ActiveCfg = Release R21|Any CPU
		{24D786D9-9DC0-45FD-BF8A-7DBC5F520AA0}.Release|Any CPU.Build.0 = Release R21|Any CPU
		{24D786D9-9DC0-45FD-BF8A-7DBC5F520AA0}.Release|x86.ActiveCfg = Release R25|Any CPU
		{24D786D9-9DC0-45FD-BF8A-7DBC5F520AA0}.Release|x86.Build.0 = Release R25|Any CPU
		{AAE33404-55AD-448D-B0D7-F1FE2A578BE7}.Debug R20|Any CPU.ActiveCfg = Debug
		{AAE33404-55AD-448D-B0D7-F1FE2A578BE7}.Debug R20|Any CPU.Build.0 = Debug
		{AAE33404-55AD-448D-B0D7-F1FE2A578BE7}.Debug R20|x86.ActiveCfg = Debug
		{AAE33404-55AD-448D-B0D7-F1FE2A578BE7}.Debug R20|x86.Build.0 = Debug
		{AAE33404-55AD-448D-B0D7-F1FE2A578BE7}.Debug R21|Any CPU.ActiveCfg = Debug
		{AAE33404-55AD-448D-B0D7-F1FE2A578BE7}.Debug R21|Any CPU.Build.0 = Debug
		{AAE33404-55AD-448D-B0D7-F1FE2A578BE7}.Debug R21|x86.ActiveCfg = Debug
		{AAE33404-55AD-448D-B0D7-F1FE2A578BE7}.Debug R21|x86.Build.0 = Debug
		{AAE33404-55AD-448D-B0D7-F1FE2A578BE7}.Debug R22|Any CPU.ActiveCfg = Debug
		{AAE33404-55AD-448D-B0D7-F1FE2A578BE7}.Debug R22|Any CPU.Build.0 = Debug
		{AAE33404-55AD-448D-B0D7-F1FE2A578BE7}.Debug R22|x86.ActiveCfg = Debug
		{AAE33404-55AD-448D-B0D7-F1FE2A578BE7}.Debug R22|x86.Build.0 = Debug
		{AAE33404-55AD-448D-B0D7-F1FE2A578BE7}.Debug R23|Any CPU.ActiveCfg = Debug
		{AAE33404-55AD-448D-B0D7-F1FE2A578BE7}.Debug R23|Any CPU.Build.0 = Debug
		{AAE33404-55AD-448D-B0D7-F1FE2A578BE7}.Debug R23|x86.ActiveCfg = Debug
		{AAE33404-55AD-448D-B0D7-F1FE2A578BE7}.Debug R23|x86.Build.0 = Debug
		{AAE33404-55AD-448D-B0D7-F1FE2A578BE7}.Debug R24|Any CPU.ActiveCfg = Debug
		{AAE33404-55AD-448D-B0D7-F1FE2A578BE7}.Debug R24|Any CPU.Build.0 = Debug
		{AAE33404-55AD-448D-B0D7-F1FE2A578BE7}.Debug R24|x86.ActiveCfg = Debug
		{AAE33404-55AD-448D-B0D7-F1FE2A578BE7}.Debug R24|x86.Build.0 = Debug
		{AAE33404-55AD-448D-B0D7-F1FE2A578BE7}.Debug R25|Any CPU.ActiveCfg = Debug
		{AAE33404-55AD-448D-B0D7-F1FE2A578BE7}.Debug R25|Any CPU.Build.0 = Debug
		{AAE33404-55AD-448D-B0D7-F1FE2A578BE7}.Debug R25|x86.ActiveCfg = Debug
		{AAE33404-55AD-448D-B0D7-F1FE2A578BE7}.Debug R25|x86.Build.0 = Debug
		{AAE33404-55AD-448D-B0D7-F1FE2A578BE7}.Debug|Any CPU.ActiveCfg = Debug
		{AAE33404-55AD-448D-B0D7-F1FE2A578BE7}.Debug|Any CPU.Build.0 = Debug
		{AAE33404-55AD-448D-B0D7-F1FE2A578BE7}.Debug|x86.ActiveCfg = Debug
		{AAE33404-55AD-448D-B0D7-F1FE2A578BE7}.Debug|x86.Build.0 = Debug
		{AAE33404-55AD-448D-B0D7-F1FE2A578BE7}.Release R20|Any CPU.ActiveCfg = Release
		{AAE33404-55AD-448D-B0D7-F1FE2A578BE7}.Release R20|Any CPU.Build.0 = Release
		{AAE33404-55AD-448D-B0D7-F1FE2A578BE7}.Release R20|x86.ActiveCfg = Release
		{AAE33404-55AD-448D-B0D7-F1FE2A578BE7}.Release R20|x86.Build.0 = Release
		{AAE33404-55AD-448D-B0D7-F1FE2A578BE7}.Release R21|Any CPU.ActiveCfg = Release
		{AAE33404-55AD-448D-B0D7-F1FE2A578BE7}.Release R21|Any CPU.Build.0 = Release
		{AAE33404-55AD-448D-B0D7-F1FE2A578BE7}.Release R21|x86.ActiveCfg = Release
		{AAE33404-55AD-448D-B0D7-F1FE2A578BE7}.Release R21|x86.Build.0 = Release
		{AAE33404-55AD-448D-B0D7-F1FE2A578BE7}.Release R22|Any CPU.ActiveCfg = Release
		{AAE33404-55AD-448D-B0D7-F1FE2A578BE7}.Release R22|Any CPU.Build.0 = Release
		{AAE33404-55AD-448D-B0D7-F1FE2A578BE7}.Release R22|x86.ActiveCfg = Release
		{AAE33404-55AD-448D-B0D7-F1FE2A578BE7}.Release R22|x86.Build.0 = Release
		{AAE33404-55AD-448D-B0D7-F1FE2A578BE7}.Release R23|Any CPU.ActiveCfg = Release
		{AAE33404-55AD-448D-B0D7-F1FE2A578BE7}.Release R23|Any CPU.Build.0 = Release
		{AAE33404-55AD-448D-B0D7-F1FE2A578BE7}.Release R23|x86.ActiveCfg = Release
		{AAE33404-55AD-448D-B0D7-F1FE2A578BE7}.Release R23|x86.Build.0 = Release
		{AAE33404-55AD-448D-B0D7-F1FE2A578BE7}.Release R24|Any CPU.ActiveCfg = Release
		{AAE33404-55AD-448D-B0D7-F1FE2A578BE7}.Release R24|Any CPU.Build.0 = Release
		{AAE33404-55AD-448D-B0D7-F1FE2A578BE7}.Release R24|x86.ActiveCfg = Release
		{AAE33404-55AD-448D-B0D7-F1FE2A578BE7}.Release R24|x86.Build.0 = Release
		{AAE33404-55AD-448D-B0D7-F1FE2A578BE7}.Release R25|Any CPU.ActiveCfg = Release
		{AAE33404-55AD-448D-B0D7-F1FE2A578BE7}.Release R25|Any CPU.Build.0 = Release
		{AAE33404-55AD-448D-B0D7-F1FE2A578BE7}.Release R25|x86.ActiveCfg = Release
		{AAE33404-55AD-448D-B0D7-F1FE2A578BE7}.Release R25|x86.Build.0 = Release
		{AAE33404-55AD-448D-B0D7-F1FE2A578BE7}.Release|Any CPU.ActiveCfg = Release
		{AAE33404-55AD-448D-B0D7-F1FE2A578BE7}.Release|Any CPU.Build.0 = Release
		{AAE33404-55AD-448D-B0D7-F1FE2A578BE7}.Release|x86.ActiveCfg = Release
		{AAE33404-55AD-448D-B0D7-F1FE2A578BE7}.Release|x86.Build.0 = Release
	EndGlobalSection
	GlobalSection(SolutionProperties) = preSolution
		HideSolutionNode = FALSE
	EndGlobalSection
	GlobalSection(ExtensibilityGlobals) = postSolution
		SolutionGuid = {8C00ADF9-C95D-4A61-AA59-7D5C75321162}
	EndGlobalSection
EndGlobal
